
Microsoft Visual Studio Solution File, Format Version 12.00
Project("{FAE04EC0-301F-11D3-BF4B-00C04F79EFBC}") = "SuperApi.Core", "SuperApi.Core\SuperApi.Core.csproj", "{29340D65-EF5B-491A-AE59-C5CE57AB27BD}"
EndProject
Project("{FAE04EC0-301F-11D3-BF4B-00C04F79EFBC}") = "SuperApi", "SuperApi\SuperApi.csproj", "{75247B05-8C41-424E-AD02-75FBC3280063}"
EndProject
Global
	GlobalSection(SolutionConfigurationPlatforms) = preSolution
		Debug|Any CPU = Debug|Any CPU
		Release|Any CPU = Release|Any CPU
	EndGlobalSection
	GlobalSection(ProjectConfigurationPlatforms) = postSolution
		{29340D65-EF5B-491A-AE59-C5CE57AB27BD}.Debug|Any CPU.ActiveCfg = Debug|Any CPU
		{29340D65-EF5B-491A-AE59-C5CE57AB27BD}.Debug|Any CPU.Build.0 = Debug|Any CPU
		{29340D65-EF5B-491A-AE59-C5CE57AB27BD}.Release|Any CPU.ActiveCfg = Release|Any CPU
		{29340D65-EF5B-491A-AE59-C5CE57AB27BD}.Release|Any CPU.Build.0 = Release|Any CPU
		{75247B05-8C41-424E-AD02-75FBC3280063}.Debug|Any CPU.ActiveCfg = Debug|Any CPU
		{75247B05-8C41-424E-AD02-75FBC3280063}.Debug|Any CPU.Build.0 = Debug|Any CPU
		{75247B05-8C41-424E-AD02-75FBC3280063}.Release|Any CPU.ActiveCfg = Release|Any CPU
		{75247B05-8C41-424E-AD02-75FBC3280063}.Release|Any CPU.Build.0 = Release|Any CPU
	EndGlobalSection
EndGlobal
